
Microsoft Visual Studio Solution File, Format Version 12.00
# Visual Studio Version 17
VisualStudioVersion = 17.2.32519.379
MinimumVisualStudioVersion = 10.0.40219.1
Project("{FAE04EC0-301F-11D3-BF4B-00C04F79EFBC}") = "escola", "escola.csproj", "{F51680E0-1D04-473E-9264-20E001FDC827}"
EndProject
Global
	GlobalSection(SolutionConfigurationPlatforms) = preSolution
		Debug|Any CPU = Debug|Any CPU
		Release|Any CPU = Release|Any CPU
	EndGlobalSection
	GlobalSection(ProjectConfigurationPlatforms) = postSolution
		{F51680E0-1D04-473E-9264-20E001FDC827}.Debug|Any CPU.ActiveCfg = Debug|Any CPU
		{F51680E0-1D04-473E-9264-20E001FDC827}.Debug|Any CPU.Build.0 = Debug|Any CPU
		{F51680E0-1D04-473E-9264-20E001FDC827}.Release|Any CPU.ActiveCfg = Release|Any CPU
		{F51680E0-1D04-473E-9264-20E001FDC827}.Release|Any CPU.Build.0 = Release|Any CPU
	EndGlobalSection
	GlobalSection(SolutionProperties) = preSolution
		HideSolutionNode = FALSE
	EndGlobalSection
	GlobalSection(ExtensibilityGlobals) = postSolution
		SolutionGuid = {E0BA3DD0-C7AE-4A98-A833-2FDC4C310FE5}
	EndGlobalSection
EndGlobal
